
Microsoft Visual Studio Solution File, Format Version 12.00
# Visual Studio Version 17
VisualStudioVersion = 17.6.33815.320
MinimumVisualStudioVersion = 10.0.40219.1
Project("{FAE04EC0-301F-11D3-BF4B-00C04F79EFBC}") = "P01.PasswordReset", "P01.PasswordReset\P01.PasswordReset.csproj", "{70863ABE-003E-44DA-9856-0480AB53DE00}"
EndProject
Project("{FAE04EC0-301F-11D3-BF4B-00C04F79EFBC}") = "P02.MirrorWords", "P02.MirrorWords\P02.MirrorWords.csproj", "{0762D15F-1EA9-4BB2-8B15-C47FC7E11ACA}"
EndProject
Project("{FAE04EC0-301F-11D3-BF4B-00C04F79EFBC}") = "P03.NeedForSpeed3", "P03.NeedForSpeed3\P03.NeedForSpeed3.csproj", "{89720FF5-396D-4BFC-AF44-92B99E657505}"
EndProject
Global
	GlobalSection(SolutionConfigurationPlatforms) = preSolution
		Debug|Any CPU = Debug|Any CPU
		Release|Any CPU = Release|Any CPU
	EndGlobalSection
	GlobalSection(ProjectConfigurationPlatforms) = postSolution
		{70863ABE-003E-44DA-9856-0480AB53DE00}.Debug|Any CPU.ActiveCfg = Debug|Any CPU
		{70863ABE-003E-44DA-9856-0480AB53DE00}.Debug|Any CPU.Build.0 = Debug|Any CPU
		{70863ABE-003E-44DA-9856-0480AB53DE00}.Release|Any CPU.ActiveCfg = Release|Any CPU
		{70863ABE-003E-44DA-9856-0480AB53DE00}.Release|Any CPU.Build.0 = Release|Any CPU
		{0762D15F-1EA9-4BB2-8B15-C47FC7E11ACA}.Debug|Any CPU.ActiveCfg = Debug|Any CPU
		{0762D15F-1EA9-4BB2-8B15-C47FC7E11ACA}.Debug|Any CPU.Build.0 = Debug|Any CPU
		{0762D15F-1EA9-4BB2-8B15-C47FC7E11ACA}.Release|Any CPU.ActiveCfg = Release|Any CPU
		{0762D15F-1EA9-4BB2-8B15-C47FC7E11ACA}.Release|Any CPU.Build.0 = Release|Any CPU
		{89720FF5-396D-4BFC-AF44-92B99E657505}.Debug|Any CPU.ActiveCfg = Debug|Any CPU
		{89720FF5-396D-4BFC-AF44-92B99E657505}.Debug|Any CPU.Build.0 = Debug|Any CPU
		{89720FF5-396D-4BFC-AF44-92B99E657505}.Release|Any CPU.ActiveCfg = Release|Any CPU
		{89720FF5-396D-4BFC-AF44-92B99E657505}.Release|Any CPU.Build.0 = Release|Any CPU
	EndGlobalSection
	GlobalSection(SolutionProperties) = preSolution
		HideSolutionNode = FALSE
	EndGlobalSection
	GlobalSection(ExtensibilityGlobals) = postSolution
		SolutionGuid = {3E69DA84-3E0B-47A7-A850-ECF8DA7D16BE}
	EndGlobalSection
EndGlobal
